
Microsoft Visual Studio Solution File, Format Version 12.00
# Visual Studio Version 16
VisualStudioVersion = 16.0.29503.13
MinimumVisualStudioVersion = 10.0.40219.1
Project("{9A19103F-16F7-4668-BE54-9A1E7A4F7556}") = "K1.Dapper.SimpleCommand", "K1.Dapper.SimpleCommand\K1.Dapper.SimpleCommand.csproj", "{700ED398-5F05-43A6-8E39-8F7E78280F89}"
EndProject
Project("{9A19103F-16F7-4668-BE54-9A1E7A4F7556}") = "K1.Dapper.ContribPlus", "K1.Dapper.ContribPlus\K1.Dapper.ContribPlus.csproj", "{CBEA22D9-D137-472D-B243-1714D12E42DE}"
EndProject
Project("{9A19103F-16F7-4668-BE54-9A1E7A4F7556}") = "K1.Dapper.SimpleCommand.Test", "K1.Dapper.SimpleCommand.Test\K1.Dapper.SimpleCommand.Test.csproj", "{9DF84851-F966-48DD-8B0C-22A63C8F7637}"
EndProject
Project("{2150E333-8FDC-42A3-9474-1A3956D46DE8}") = "K1.Dapper", "K1.Dapper", "{87074892-9D72-4082-ADCC-C5D8C63E8D59}"
EndProject
Project("{2150E333-8FDC-42A3-9474-1A3956D46DE8}") = "K1.JwtSample", "K1.JwtSample", "{2D97844E-76AB-4232-AAAF-EA2BC891742D}"
EndProject
Project("{FAE04EC0-301F-11D3-BF4B-00C04F79EFBC}") = "K1.JwtSample", "K1.JwtSample\K1.JwtSample\K1.JwtSample.csproj", "{A6E1174F-9009-40FB-B008-8AA54E5E9741}"
EndProject
Global
	GlobalSection(SolutionConfigurationPlatforms) = preSolution
		Debug|Any CPU = Debug|Any CPU
		Release|Any CPU = Release|Any CPU
	EndGlobalSection
	GlobalSection(ProjectConfigurationPlatforms) = postSolution
		{700ED398-5F05-43A6-8E39-8F7E78280F89}.Debug|Any CPU.ActiveCfg = Debug|Any CPU
		{700ED398-5F05-43A6-8E39-8F7E78280F89}.Debug|Any CPU.Build.0 = Debug|Any CPU
		{700ED398-5F05-43A6-8E39-8F7E78280F89}.Release|Any CPU.ActiveCfg = Release|Any CPU
		{700ED398-5F05-43A6-8E39-8F7E78280F89}.Release|Any CPU.Build.0 = Release|Any CPU
		{CBEA22D9-D137-472D-B243-1714D12E42DE}.Debug|Any CPU.ActiveCfg = Debug|Any CPU
		{CBEA22D9-D137-472D-B243-1714D12E42DE}.Debug|Any CPU.Build.0 = Debug|Any CPU
		{CBEA22D9-D137-472D-B243-1714D12E42DE}.Release|Any CPU.ActiveCfg = Release|Any CPU
		{CBEA22D9-D137-472D-B243-1714D12E42DE}.Release|Any CPU.Build.0 = Release|Any CPU
		{9DF84851-F966-48DD-8B0C-22A63C8F7637}.Debug|Any CPU.ActiveCfg = Debug|Any CPU
		{9DF84851-F966-48DD-8B0C-22A63C8F7637}.Debug|Any CPU.Build.0 = Debug|Any CPU
		{9DF84851-F966-48DD-8B0C-22A63C8F7637}.Release|Any CPU.ActiveCfg = Release|Any CPU
		{9DF84851-F966-48DD-8B0C-22A63C8F7637}.Release|Any CPU.Build.0 = Release|Any CPU
		{A6E1174F-9009-40FB-B008-8AA54E5E9741}.Debug|Any CPU.ActiveCfg = Debug|Any CPU
		{A6E1174F-9009-40FB-B008-8AA54E5E9741}.Debug|Any CPU.Build.0 = Debug|Any CPU
		{A6E1174F-9009-40FB-B008-8AA54E5E9741}.Release|Any CPU.ActiveCfg = Release|Any CPU
		{A6E1174F-9009-40FB-B008-8AA54E5E9741}.Release|Any CPU.Build.0 = Release|Any CPU
	EndGlobalSection
	GlobalSection(SolutionProperties) = preSolution
		HideSolutionNode = FALSE
	EndGlobalSection
	GlobalSection(NestedProjects) = preSolution
		{700ED398-5F05-43A6-8E39-8F7E78280F89} = {87074892-9D72-4082-ADCC-C5D8C63E8D59}
		{9DF84851-F966-48DD-8B0C-22A63C8F7637} = {87074892-9D72-4082-ADCC-C5D8C63E8D59}
		{A6E1174F-9009-40FB-B008-8AA54E5E9741} = {2D97844E-76AB-4232-AAAF-EA2BC891742D}
	EndGlobalSection
	GlobalSection(ExtensibilityGlobals) = postSolution
		SolutionGuid = {D6484A96-ADC1-4B1B-A652-62301F79F9BB}
	EndGlobalSection
EndGlobal
